
Microsoft Visual Studio Solution File, Format Version 12.00
# Visual Studio 2012
Project("{FAE04EC0-301F-11D3-BF4B-00C04F79EFBC}") = "EC", "EC\EC.csproj", "{1E6CB3B5-49E5-4FF4-83A1-4099BA917441}"
EndProject
Project("{2150E333-8FDC-42A3-9474-1A3956D46DE8}") = "Content", "Content", "{22CE9E83-93BF-44C6-AA0C-D3D05ED5859F}"
	ProjectSection(SolutionItems) = preProject
		site.css = site.css
	EndProjectSection
EndProject
Project("{2150E333-8FDC-42A3-9474-1A3956D46DE8}") = "Presentation", "Presentation", "{91B30401-CB81-4643-9C8B-D89F513B6408}"
EndProject
Project("{2150E333-8FDC-42A3-9474-1A3956D46DE8}") = "Common", "Common", "{10C91E29-CD1D-4F7B-BE20-8BADAE47B89B}"
EndProject
Project("{FAE04EC0-301F-11D3-BF4B-00C04F79EFBC}") = "EC.Common", "EC.Common\EC.Common.csproj", "{EAA5E4B4-C1B7-428F-900C-7FF0AE67F7A3}"
EndProject
Project("{2150E333-8FDC-42A3-9474-1A3956D46DE8}") = "WebControl", "WebControl", "{3728ED2E-10EF-42BE-B049-92B905580CCD}"
EndProject
Project("{FAE04EC0-301F-11D3-BF4B-00C04F79EFBC}") = "EC.UI.WebControl", "EC.WebControl\EC.UI.WebControl.csproj", "{6EEBD764-6164-4594-B595-D28D0D30B2F5}"
EndProject
Global
	GlobalSection(SolutionConfigurationPlatforms) = preSolution
		Debug|Any CPU = Debug|Any CPU
		Release|Any CPU = Release|Any CPU
	EndGlobalSection
	GlobalSection(ProjectConfigurationPlatforms) = postSolution
		{1E6CB3B5-49E5-4FF4-83A1-4099BA917441}.Debug|Any CPU.ActiveCfg = Debug|Any CPU
		{1E6CB3B5-49E5-4FF4-83A1-4099BA917441}.Debug|Any CPU.Build.0 = Debug|Any CPU
		{1E6CB3B5-49E5-4FF4-83A1-4099BA917441}.Release|Any CPU.ActiveCfg = Release|Any CPU
		{1E6CB3B5-49E5-4FF4-83A1-4099BA917441}.Release|Any CPU.Build.0 = Release|Any CPU
		{EAA5E4B4-C1B7-428F-900C-7FF0AE67F7A3}.Debug|Any CPU.ActiveCfg = Debug|Any CPU
		{EAA5E4B4-C1B7-428F-900C-7FF0AE67F7A3}.Debug|Any CPU.Build.0 = Debug|Any CPU
		{EAA5E4B4-C1B7-428F-900C-7FF0AE67F7A3}.Release|Any CPU.ActiveCfg = Release|Any CPU
		{EAA5E4B4-C1B7-428F-900C-7FF0AE67F7A3}.Release|Any CPU.Build.0 = Release|Any CPU
		{6EEBD764-6164-4594-B595-D28D0D30B2F5}.Debug|Any CPU.ActiveCfg = Debug|Any CPU
		{6EEBD764-6164-4594-B595-D28D0D30B2F5}.Debug|Any CPU.Build.0 = Debug|Any CPU
		{6EEBD764-6164-4594-B595-D28D0D30B2F5}.Release|Any CPU.ActiveCfg = Release|Any CPU
		{6EEBD764-6164-4594-B595-D28D0D30B2F5}.Release|Any CPU.Build.0 = Release|Any CPU
	EndGlobalSection
	GlobalSection(SolutionProperties) = preSolution
		HideSolutionNode = FALSE
	EndGlobalSection
	GlobalSection(NestedProjects) = preSolution
		{1E6CB3B5-49E5-4FF4-83A1-4099BA917441} = {91B30401-CB81-4643-9C8B-D89F513B6408}
		{EAA5E4B4-C1B7-428F-900C-7FF0AE67F7A3} = {10C91E29-CD1D-4F7B-BE20-8BADAE47B89B}
		{6EEBD764-6164-4594-B595-D28D0D30B2F5} = {3728ED2E-10EF-42BE-B049-92B905580CCD}
	EndGlobalSection
	GlobalSection(ExtensibilityGlobals) = postSolution
		VisualSVNWorkingCopyRoot = .
	EndGlobalSection
EndGlobal
